
Microsoft Visual Studio Solution File, Format Version 12.00
# Visual Studio 14
VisualStudioVersion = 14.0.25420.1
MinimumVisualStudioVersion = 10.0.40219.1
Project("{FAE04EC0-301F-11D3-BF4B-00C04F79EFBC}") = "WebApplication1", "WebApplication1\WebApplication1.csproj", "{4FE19E23-8DA7-4E0D-A42A-8EEEFEE3E484}"
EndProject
Project("{FAE04EC0-301F-11D3-BF4B-00C04F79EFBC}") = "Repository", "Repository\Repository.csproj", "{B81A5872-B662-42AE-A788-FD7433CACC5F}"
EndProject
Global
	GlobalSection(SolutionConfigurationPlatforms) = preSolution
		Debug|Any CPU = Debug|Any CPU
		Release|Any CPU = Release|Any CPU
	EndGlobalSection
	GlobalSection(ProjectConfigurationPlatforms) = postSolution
		{4FE19E23-8DA7-4E0D-A42A-8EEEFEE3E484}.Debug|Any CPU.ActiveCfg = Debug|Any CPU
		{4FE19E23-8DA7-4E0D-A42A-8EEEFEE3E484}.Debug|Any CPU.Build.0 = Debug|Any CPU
		{4FE19E23-8DA7-4E0D-A42A-8EEEFEE3E484}.Release|Any CPU.ActiveCfg = Release|Any CPU
		{4FE19E23-8DA7-4E0D-A42A-8EEEFEE3E484}.Release|Any CPU.Build.0 = Release|Any CPU
		{B81A5872-B662-42AE-A788-FD7433CACC5F}.Debug|Any CPU.ActiveCfg = Debug|Any CPU
		{B81A5872-B662-42AE-A788-FD7433CACC5F}.Debug|Any CPU.Build.0 = Debug|Any CPU
		{B81A5872-B662-42AE-A788-FD7433CACC5F}.Release|Any CPU.ActiveCfg = Release|Any CPU
		{B81A5872-B662-42AE-A788-FD7433CACC5F}.Release|Any CPU.Build.0 = Release|Any CPU
	EndGlobalSection
	GlobalSection(SolutionProperties) = preSolution
		HideSolutionNode = FALSE
	EndGlobalSection
	GlobalSection(ExtensibilityGlobals) = postSolution
		SolutionGuid = {9A844695-F432-4712-B91E-12146A20ACC7}
	EndGlobalSection
EndGlobal
